# This file is generated by running "yarn install" inside your project.
# Manual changes might be lost - proceed with caution!

__metadata:
  version: 6
  cacheKey: 8

"@apiture/openapi-down-convert@npm:^0.8.0":
  version: 0.8.0
  resolution: "@apiture/openapi-down-convert@npm:0.8.0"
  dependencies:
    commander: ^9.4.1
    js-yaml: ^4.1.0
    typescript: ^4.8.4
  bin:
    openapi-down-convert: lib/src/cli.js
  checksum: 207054f4e6532cd7618edadb00ad096c0aa610c59e70f86d4df3bfa84189c872106f740fda54f2fca0432376e22fb3ebf04300f89e724459bd9a3652241677fa
  languageName: node
  linkType: hard

"also-asked-php@workspace:.":
  version: 0.0.0-use.local
  resolution: "also-asked-php@workspace:."
  dependencies:
    "@apiture/openapi-down-convert": ^0.8.0
  languageName: unknown
  linkType: soft

"argparse@npm:^2.0.1":
  version: 2.0.1
  resolution: "argparse@npm:2.0.1"
  checksum: 83644b56493e89a254bae05702abf3a1101b4fa4d0ca31df1c9985275a5a5bd47b3c27b7fa0b71098d41114d8ca000e6ed90cad764b306f8a503665e4d517ced
  languageName: node
  linkType: hard

"commander@npm:^9.4.1":
  version: 9.5.0
  resolution: "commander@npm:9.5.0"
  checksum: c7a3e27aa59e913b54a1bafd366b88650bc41d6651f0cbe258d4ff09d43d6a7394232a4dadd0bf518b3e696fdf595db1028a0d82c785b88bd61f8a440cecfade
  languageName: node
  linkType: hard

"js-yaml@npm:^4.1.0":
  version: 4.1.0
  resolution: "js-yaml@npm:4.1.0"
  dependencies:
    argparse: ^2.0.1
  bin:
    js-yaml: bin/js-yaml.js
  checksum: c7830dfd456c3ef2c6e355cc5a92e6700ceafa1d14bba54497b34a99f0376cecbb3e9ac14d3e5849b426d5a5140709a66237a8c991c675431271c4ce5504151a
  languageName: node
  linkType: hard

"typescript@npm:^4.8.4":
  version: 4.9.5
  resolution: "typescript@npm:4.9.5"
  bin:
    tsc: bin/tsc
    tsserver: bin/tsserver
  checksum: ee000bc26848147ad423b581bd250075662a354d84f0e06eb76d3b892328d8d4440b7487b5a83e851b12b255f55d71835b008a66cbf8f255a11e4400159237db
  languageName: node
  linkType: hard

"typescript@patch:typescript@^4.8.4#~builtin<compat/typescript>":
  version: 4.9.5
  resolution: "typescript@patch:typescript@npm%3A4.9.5#~builtin<compat/typescript>::version=4.9.5&hash=289587"
  bin:
    tsc: bin/tsc
    tsserver: bin/tsserver
  checksum: 1f8f3b6aaea19f0f67cba79057674ba580438a7db55057eb89cc06950483c5d632115c14077f6663ea76fd09fce3c190e6414bb98582ec80aa5a4eaf345d5b68
  languageName: node
  linkType: hard
